
Microsoft Visual Studio Solution File, Format Version 12.00
# Visual Studio Version 17
VisualStudioVersion = 17.4.33205.214
MinimumVisualStudioVersion = 10.0.40219.1
Project("{FAE04EC0-301F-11D3-BF4B-00C04F79EFBC}") = "ForageYieldCalculator", "ForageYieldCalculator\ForageYieldCalculator.csproj", "{56E3580D-B9C4-4E9A-85E9-3E3BBEC5CBDF}"
EndProject
Global
	GlobalSection(SolutionConfigurationPlatforms) = preSolution
		Debug|Any CPU = Debug|Any CPU
		Release|Any CPU = Release|Any CPU
	EndGlobalSection
	GlobalSection(ProjectConfigurationPlatforms) = postSolution
		{56E3580D-B9C4-4E9A-85E9-3E3BBEC5CBDF}.Debug|Any CPU.ActiveCfg = Debug|Any CPU
		{56E3580D-B9C4-4E9A-85E9-3E3BBEC5CBDF}.Debug|Any CPU.Build.0 = Debug|Any CPU
		{56E3580D-B9C4-4E9A-85E9-3E3BBEC5CBDF}.Release|Any CPU.ActiveCfg = Release|Any CPU
		{56E3580D-B9C4-4E9A-85E9-3E3BBEC5CBDF}.Release|Any CPU.Build.0 = Release|Any CPU
	EndGlobalSection
	GlobalSection(SolutionProperties) = preSolution
		HideSolutionNode = FALSE
	EndGlobalSection
	GlobalSection(ExtensibilityGlobals) = postSolution
		SolutionGuid = {F826C023-C41F-48A2-B90A-8C016641CDB8}
	EndGlobalSection
EndGlobal
